// !$*UTF8*$!
{
	archiveVersion = 1;
	classes = {
	};
	objectVersion = 56;
	objects = {

/* Begin PBXBuildFile section */
		19042B572BB48A4900B67EF7 /* AirBNBApp.swift in Sources */ = {isa = PBXBuildFile; fileRef = 19042B562BB48A4900B67EF7 /* AirBNBApp.swift */; };
		19042B592BB48A4900B67EF7 /* Detail.swift in Sources */ = {isa = PBXBuildFile; fileRef = 19042B582BB48A4900B67EF7 /* Detail.swift */; };
		19042B5B2BB48A4C00B67EF7 /* Assets.xcassets in Resources */ = {isa = PBXBuildFile; fileRef = 19042B5A2BB48A4C00B67EF7 /* Assets.xcassets */; };
		19042B5E2BB48A4C00B67EF7 /* Preview Assets.xcassets in Resources */ = {isa = PBXBuildFile; fileRef = 19042B5D2BB48A4C00B67EF7 /* Preview Assets.xcassets */; };
		19042B682BB48AA300B67EF7 /* Listing.swift in Sources */ = {isa = PBXBuildFile; fileRef = 19042B672BB48AA300B67EF7 /* Listing.swift */; };
		19042B6A2BB48AB800B67EF7 /* ListingResponse.swift in Sources */ = {isa = PBXBuildFile; fileRef = 19042B692BB48AB800B67EF7 /* ListingResponse.swift */; };
		19042B6E2BB48B4300B67EF7 /* ListingCard.swift in Sources */ = {isa = PBXBuildFile; fileRef = 19042B6D2BB48B4300B67EF7 /* ListingCard.swift */; };
		19042B702BB48B5B00B67EF7 /* Listings.swift in Sources */ = {isa = PBXBuildFile; fileRef = 19042B6F2BB48B5B00B67EF7 /* Listings.swift */; };
		19042B722BB48B9B00B67EF7 /* ContentView.swift in Sources */ = {isa = PBXBuildFile; fileRef = 19042B712BB48B9B00B67EF7 /* ContentView.swift */; };
		19042B752BB4912900B67EF7 /* ListingViewModel.swift in Sources */ = {isa = PBXBuildFile; fileRef = 19042B6B2BB48AE000B67EF7 /* ListingViewModel.swift */; };
		19042B782BB491A300B67EF7 /* APIService.swift in Sources */ = {isa = PBXBuildFile; fileRef = 19042B772BB491A300B67EF7 /* APIService.swift */; };
/* End PBXBuildFile section */

/* Begin PBXFileReference section */
		19042B532BB48A4900B67EF7 /* AirBNB.app */ = {isa = PBXFileReference; explicitFileType = wrapper.application; includeInIndex = 0; path = AirBNB.app; sourceTree = BUILT_PRODUCTS_DIR; };
		19042B562BB48A4900B67EF7 /* AirBNBApp.swift */ = {isa = PBXFileReference; lastKnownFileType = sourcecode.swift; path = AirBNBApp.swift; sourceTree = "<group>"; };
		19042B582BB48A4900B67EF7 /* Detail.swift */ = {isa = PBXFileReference; lastKnownFileType = sourcecode.swift; path = Detail.swift; sourceTree = "<group>"; };
		19042B5A2BB48A4C00B67EF7 /* Assets.xcassets */ = {isa = PBXFileReference; lastKnownFileType = folder.assetcatalog; path = Assets.xcassets; sourceTree = "<group>"; };
		19042B5D2BB48A4C00B67EF7 /* Preview Assets.xcassets */ = {isa = PBXFileReference; lastKnownFileType = folder.assetcatalog; path = "Preview Assets.xcassets"; sourceTree = "<group>"; };
		19042B672BB48AA300B67EF7 /* Listing.swift */ = {isa = PBXFileReference; lastKnownFileType = sourcecode.swift; path = Listing.swift; sourceTree = "<group>"; };
		19042B692BB48AB800B67EF7 /* ListingResponse.swift */ = {isa = PBXFileReference; lastKnownFileType = sourcecode.swift; path = ListingResponse.swift; sourceTree = "<group>"; };
		19042B6B2BB48AE000B67EF7 /* ListingViewModel.swift */ = {isa = PBXFileReference; lastKnownFileType = sourcecode.swift; path = ListingViewModel.swift; sourceTree = "<group>"; };
		19042B6D2BB48B4300B67EF7 /* ListingCard.swift */ = {isa = PBXFileReference; lastKnownFileType = sourcecode.swift; path = ListingCard.swift; sourceTree = "<group>"; };
		19042B6F2BB48B5B00B67EF7 /* Listings.swift */ = {isa = PBXFileReference; lastKnownFileType = sourcecode.swift; path = Listings.swift; sourceTree = "<group>"; };
		19042B712BB48B9B00B67EF7 /* ContentView.swift */ = {isa = PBXFileReference; lastKnownFileType = sourcecode.swift; path = ContentView.swift; sourceTree = "<group>"; };
		19042B772BB491A300B67EF7 /* APIService.swift */ = {isa = PBXFileReference; lastKnownFileType = sourcecode.swift; path = APIService.swift; sourceTree = "<group>"; };
/* End PBXFileReference section */

/* Begin PBXFrameworksBuildPhase section */
		19042B502BB48A4900B67EF7 /* Frameworks */ = {
			isa = PBXFrameworksBuildPhase;
			buildActionMask = 2147483647;
			files = (
			);
			runOnlyForDeploymentPostprocessing = 0;
		};
/* End PBXFrameworksBuildPhase section */

/* Begin PBXGroup section */
		19042B4A2BB48A4900B67EF7 = {
			isa = PBXGroup;
			children = (
				19042B552BB48A4900B67EF7 /* AirBNB */,
				19042B542BB48A4900B67EF7 /* Products */,
			);
			sourceTree = "<group>";
		};
		19042B542BB48A4900B67EF7 /* Products */ = {
			isa = PBXGroup;
			children = (
				19042B532BB48A4900B67EF7 /* AirBNB.app */,
			);
			name = Products;
			sourceTree = "<group>";
		};
		19042B552BB48A4900B67EF7 /* AirBNB */ = {
			isa = PBXGroup;
			children = (
				19042B642BB48A5500B67EF7 /* Model */,
				19042B652BB48A5E00B67EF7 /* ViewModel */,
				19042B662BB48A6900B67EF7 /* View */,
				19042B562BB48A4900B67EF7 /* AirBNBApp.swift */,
				19042B5A2BB48A4C00B67EF7 /* Assets.xcassets */,
				19042B5C2BB48A4C00B67EF7 /* Preview Content */,
			);
			path = AirBNB;
			sourceTree = "<group>";
		};
		19042B5C2BB48A4C00B67EF7 /* Preview Content */ = {
			isa = PBXGroup;
			children = (
				19042B5D2BB48A4C00B67EF7 /* Preview Assets.xcassets */,
			);
			path = "Preview Content";
			sourceTree = "<group>";
		};
		19042B642BB48A5500B67EF7 /* Model */ = {
			isa = PBXGroup;
			children = (
				19042B672BB48AA300B67EF7 /* Listing.swift */,
				19042B692BB48AB800B67EF7 /* ListingResponse.swift */,
			);
			path = Model;
			sourceTree = "<group>";
		};
		19042B652BB48A5E00B67EF7 /* ViewModel */ = {
			isa = PBXGroup;
			children = (
				19042B6B2BB48AE000B67EF7 /* ListingViewModel.swift */,
				19042B772BB491A300B67EF7 /* APIService.swift */,
			);
			path = ViewModel;
			sourceTree = "<group>";
		};
		19042B662BB48A6900B67EF7 /* View */ = {
			isa = PBXGroup;
			children = (
				19042B582BB48A4900B67EF7 /* Detail.swift */,
				19042B6D2BB48B4300B67EF7 /* ListingCard.swift */,
				19042B6F2BB48B5B00B67EF7 /* Listings.swift */,
				19042B712BB48B9B00B67EF7 /* ContentView.swift */,
			);
			path = View;
			sourceTree = "<group>";
		};
/* End PBXGroup section */

/* Begin PBXNativeTarget section */
		19042B522BB48A4900B67EF7 /* AirBNB */ = {
			isa = PBXNativeTarget;
			buildConfigurationList = 19042B612BB48A4C00B67EF7 /* Build configuration list for PBXNativeTarget "AirBNB" */;
			buildPhases = (
				19042B4F2BB48A4900B67EF7 /* Sources */,
				19042B502BB48A4900B67EF7 /* Frameworks */,
				19042B512BB48A4900B67EF7 /* Resources */,
			);
			buildRules = (
			);
			dependencies = (
			);
			name = AirBNB;
			productName = AirBNB;
			productReference = 19042B532BB48A4900B67EF7 /* AirBNB.app */;
			productType = "com.apple.product-type.application";
		};
/* End PBXNativeTarget section */

/* Begin PBXProject section */
		19042B4B2BB48A4900B67EF7 /* Project object */ = {
			isa = PBXProject;
			attributes = {
				BuildIndependentTargetsInParallel = 1;
				LastSwiftUpdateCheck = 1520;
				LastUpgradeCheck = 1520;
				TargetAttributes = {
					19042B522BB48A4900B67EF7 = {
						CreatedOnToolsVersion = 15.2;
					};
				};
			};
			buildConfigurationList = 19042B4E2BB48A4900B67EF7 /* Build configuration list for PBXProject "AirBNB" */;
			compatibilityVersion = "Xcode 14.0";
			developmentRegion = en;
			hasScannedForEncodings = 0;
			knownRegions = (
				en,
				Base,
			);
			mainGroup = 19042B4A2BB48A4900B67EF7;
			productRefGroup = 19042B542BB48A4900B67EF7 /* Products */;
			projectDirPath = "";
			projectRoot = "";
			targets = (
				19042B522BB48A4900B67EF7 /* AirBNB */,
			);
		};
/* End PBXProject section */

/* Begin PBXResourcesBuildPhase section */
		19042B512BB48A4900B67EF7 /* Resources */ = {
			isa = PBXResourcesBuildPhase;
			buildActionMask = 2147483647;
			files = (
				19042B5E2BB48A4C00B67EF7 /* Preview Assets.xcassets in Resources */,
				19042B5B2BB48A4C00B67EF7 /* Assets.xcassets in Resources */,
			);
			runOnlyForDeploymentPostprocessing = 0;
		};
/* End PBXResourcesBuildPhase section */

/* Begin PBXSourcesBuildPhase section */
		19042B4F2BB48A4900B67EF7 /* Sources */ = {
			isa = PBXSourcesBuildPhase;
			buildActionMask = 2147483647;
			files = (
				19042B702BB48B5B00B67EF7 /* Listings.swift in Sources */,
				19042B592BB48A4900B67EF7 /* Detail.swift in Sources */,
				19042B722BB48B9B00B67EF7 /* ContentView.swift in Sources */,
				19042B6A2BB48AB800B67EF7 /* ListingResponse.swift in Sources */,
				19042B6E2BB48B4300B67EF7 /* ListingCard.swift in Sources */,
				19042B682BB48AA300B67EF7 /* Listing.swift in Sources */,
				19042B572BB48A4900B67EF7 /* AirBNBApp.swift in Sources */,
				19042B782BB491A300B67EF7 /* APIService.swift in Sources */,
				19042B752BB4912900B67EF7 /* ListingViewModel.swift in Sources */,
			);
			runOnlyForDeploymentPostprocessing = 0;
		};
/* End PBXSourcesBuildPhase section */

/* Begin XCBuildConfiguration section */
		19042B5F2BB48A4C00B67EF7 /* Debug */ = {
			isa = XCBuildConfiguration;
			buildSettings = {
				ALWAYS_SEARCH_USER_PATHS = NO;
				ASSETCATALOG_COMPILER_GENERATE_SWIFT_ASSET_SYMBOL_EXTENSIONS = YES;
				CLANG_ANALYZER_NONNULL = YES;
				CLANG_ANALYZER_NUMBER_OBJECT_CONVERSION = YES_AGGRESSIVE;
				CLANG_CXX_LANGUAGE_STANDARD = "gnu++20";
				CLANG_ENABLE_MODULES = YES;
				CLANG_ENABLE_OBJC_ARC = YES;
				CLANG_ENABLE_OBJC_WEAK = YES;
				CLANG_WARN_BLOCK_CAPTURE_AUTORELEASING = YES;
				CLANG_WARN_BOOL_CONVERSION = YES;
				CLANG_WARN_COMMA = YES;
				CLANG_WARN_CONSTANT_CONVERSION = YES;
				CLANG_WARN_DEPRECATED_OBJC_IMPLEMENTATIONS = YES;
				CLANG_WARN_DIRECT_OBJC_ISA_USAGE = YES_ERROR;
				CLANG_WARN_DOCUMENTATION_COMMENTS = YES;
				CLANG_WARN_EMPTY_BODY = YES;
				CLANG_WARN_ENUM_CONVERSION = YES;
				CLANG_WARN_INFINITE_RECURSION = YES;
				CLANG_WARN_INT_CONVERSION = YES;
				CLANG_WARN_NON_LITERAL_NULL_CONVERSION = YES;
				CLANG_WARN_OBJC_IMPLICIT_RETAIN_SELF = YES;
				CLANG_WARN_OBJC_LITERAL_CONVERSION = YES;
				CLANG_WARN_OBJC_ROOT_CLASS = YES_ERROR;
				CLANG_WARN_QUOTED_INCLUDE_IN_FRAMEWORK_HEADER = YES;
				CLANG_WARN_RANGE_LOOP_ANALYSIS = YES;
				CLANG_WARN_STRICT_PROTOTYPES = YES;
				CLANG_WARN_SUSPICIOUS_MOVE = YES;
				CLANG_WARN_UNGUARDED_AVAILABILITY = YES_AGGRESSIVE;
				CLANG_WARN_UNREACHABLE_CODE = YES;
				CLANG_WARN__DUPLICATE_METHOD_MATCH = YES;
				COPY_PHASE_STRIP = NO;
				DEBUG_INFORMATION_FORMAT = dwarf;
				ENABLE_STRICT_OBJC_MSGSEND = YES;
				ENABLE_TESTABILITY = YES;
				ENABLE_USER_SCRIPT_SANDBOXING = YES;
				GCC_C_LANGUAGE_STANDARD = gnu17;
				GCC_DYNAMIC_NO_PIC = NO;
				GCC_NO_COMMON_BLOCKS = YES;
				GCC_OPTIMIZATION_LEVEL = 0;
				GCC_PREPROCESSOR_DEFINITIONS = (
					"DEBUG=1",
					"$(inherited)",
				);
				GCC_WARN_64_TO_32_BIT_CONVERSION = YES;
				GCC_WARN_ABOUT_RETURN_TYPE = YES_ERROR;
				GCC_WARN_UNDECLARED_SELECTOR = YES;
				GCC_WARN_UNINITIALIZED_AUTOS = YES_AGGRESSIVE;
				GCC_WARN_UNUSED_FUNCTION = YES;
				GCC_WARN_UNUSED_VARIABLE = YES;
				IPHONEOS_DEPLOYMENT_TARGET = 17.2;
				LOCALIZATION_PREFERS_STRING_CATALOGS = YES;
				MTL_ENABLE_DEBUG_INFO = INCLUDE_SOURCE;
				MTL_FAST_MATH = YES;
				ONLY_ACTIVE_ARCH = YES;
				SDKROOT = iphoneos;
				SWIFT_ACTIVE_COMPILATION_CONDITIONS = "DEBUG $(inherited)";
				SWIFT_OPTIMIZATION_LEVEL = "-Onone";
			};
			name = Debug;
		};
		19042B602BB48A4C00B67EF7 /* Release */ = {
			isa = XCBuildConfiguration;
			buildSettings = {
				ALWAYS_SEARCH_USER_PATHS = NO;
				ASSETCATALOG_COMPILER_GENERATE_SWIFT_ASSET_SYMBOL_EXTENSIONS = YES;
				CLANG_ANALYZER_NONNULL = YES;
				CLANG_ANALYZER_NUMBER_OBJECT_CONVERSION = YES_AGGRESSIVE;
				CLANG_CXX_LANGUAGE_STANDARD = "gnu++20";
				CLANG_ENABLE_MODULES = YES;
				CLANG_ENABLE_OBJC_ARC = YES;
				CLANG_ENABLE_OBJC_WEAK = YES;
				CLANG_WARN_BLOCK_CAPTURE_AUTORELEASING = YES;
				CLANG_WARN_BOOL_CONVERSION = YES;
				CLANG_WARN_COMMA = YES;
				CLANG_WARN_CONSTANT_CONVERSION = YES;
				CLANG_WARN_DEPRECATED_OBJC_IMPLEMENTATIONS = YES;
				CLANG_WARN_DIRECT_OBJC_ISA_USAGE = YES_ERROR;
				CLANG_WARN_DOCUMENTATION_COMMENTS = YES;
				CLANG_WARN_EMPTY_BODY = YES;
				CLANG_WARN_ENUM_CONVERSION = YES;
				CLANG_WARN_INFINITE_RECURSION = YES;
				CLANG_WARN_INT_CONVERSION = YES;
				CLANG_WARN_NON_LITERAL_NULL_CONVERSION = YES;
				CLANG_WARN_OBJC_IMPLICIT_RETAIN_SELF = YES;
				CLANG_WARN_OBJC_LITERAL_CONVERSION = YES;
				CLANG_WARN_OBJC_ROOT_CLASS = YES_ERROR;
				CLANG_WARN_QUOTED_INCLUDE_IN_FRAMEWORK_HEADER = YES;
				CLANG_WARN_RANGE_LOOP_ANALYSIS = YES;
				CLANG_WARN_STRICT_PROTOTYPES = YES;
				CLANG_WARN_SUSPICIOUS_MOVE = YES;
				CLANG_WARN_UNGUARDED_AVAILABILITY = YES_AGGRESSIVE;
				CLANG_WARN_UNREACHABLE_CODE = YES;
				CLANG_WARN__DUPLICATE_METHOD_MATCH = YES;
				COPY_PHASE_STRIP = NO;
				DEBUG_INFORMATION_FORMAT = "dwarf-with-dsym";
				ENABLE_NS_ASSERTIONS = NO;
				ENABLE_STRICT_OBJC_MSGSEND = YES;
				ENABLE_USER_SCRIPT_SANDBOXING = YES;
				GCC_C_LANGUAGE_STANDARD = gnu17;
				GCC_NO_COMMON_BLOCKS = YES;
				GCC_WARN_64_TO_32_BIT_CONVERSION = YES;
				GCC_WARN_ABOUT_RETURN_TYPE = YES_ERROR;
				GCC_WARN_UNDECLARED_SELECTOR = YES;
				GCC_WARN_UNINITIALIZED_AUTOS = YES_AGGRESSIVE;
				GCC_WARN_UNUSED_FUNCTION = YES;
				GCC_WARN_UNUSED_VARIABLE = YES;
				IPHONEOS_DEPLOYMENT_TARGET = 17.2;
				LOCALIZATION_PREFERS_STRING_CATALOGS = YES;
				MTL_ENABLE_DEBUG_INFO = NO;
				MTL_FAST_MATH = YES;
				SDKROOT = iphoneos;
				SWIFT_COMPILATION_MODE = wholemodule;
				VALIDATE_PRODUCT = YES;
			};
			name = Release;
		};
		19042B622BB48A4C00B67EF7 /* Debug */ = {
			isa = XCBuildConfiguration;
			buildSettings = {
				ASSETCATALOG_COMPILER_APPICON_NAME = AppIcon;
				ASSETCATALOG_COMPILER_GLOBAL_ACCENT_COLOR_NAME = AccentColor;
				CODE_SIGN_STYLE = Automatic;
				CURRENT_PROJECT_VERSION = 1;
				DEVELOPMENT_ASSET_PATHS = "\"AirBNB/Preview Content\"";
				DEVELOPMENT_TEAM = V5B2BM9PY8;
				ENABLE_PREVIEWS = YES;
				GENERATE_INFOPLIST_FILE = YES;
				INFOPLIST_KEY_UIApplicationSceneManifest_Generation = YES;
				INFOPLIST_KEY_UIApplicationSupportsIndirectInputEvents = YES;
				INFOPLIST_KEY_UILaunchScreen_Generation = YES;
				INFOPLIST_KEY_UISupportedInterfaceOrientations_iPad = "UIInterfaceOrientationPortrait UIInterfaceOrientationPortraitUpsideDown UIInterfaceOrientationLandscapeLeft UIInterfaceOrientationLandscapeRight";
				INFOPLIST_KEY_UISupportedInterfaceOrientations_iPhone = "UIInterfaceOrientationPortrait UIInterfaceOrientationLandscapeLeft UIInterfaceOrientationLandscapeRight";
				LD_RUNPATH_SEARCH_PATHS = (
					"$(inherited)",
					"@executable_path/Frameworks",
				);
				MARKETING_VERSION = 1.0;
				PRODUCT_BUNDLE_IDENTIFIER = "com.github-Z00K00.AirBNB";
				PRODUCT_NAME = "$(TARGET_NAME)";
				SWIFT_EMIT_LOC_STRINGS = YES;
				SWIFT_VERSION = 5.0;
				TARGETED_DEVICE_FAMILY = "1,2";
			};
			name = Debug;
		};
		19042B632BB48A4C00B67EF7 /* Release */ = {
			isa = XCBuildConfiguration;
			buildSettings = {
				ASSETCATALOG_COMPILER_APPICON_NAME = AppIcon;
				ASSETCATALOG_COMPILER_GLOBAL_ACCENT_COLOR_NAME = AccentColor;
				CODE_SIGN_STYLE = Automatic;
				CURRENT_PROJECT_VERSION = 1;
				DEVELOPMENT_ASSET_PATHS = "\"AirBNB/Preview Content\"";
				DEVELOPMENT_TEAM = V5B2BM9PY8;
				ENABLE_PREVIEWS = YES;
				GENERATE_INFOPLIST_FILE = YES;
				INFOPLIST_KEY_UIApplicationSceneManifest_Generation = YES;
				INFOPLIST_KEY_UIApplicationSupportsIndirectInputEvents = YES;
				INFOPLIST_KEY_UILaunchScreen_Generation = YES;
				INFOPLIST_KEY_UISupportedInterfaceOrientations_iPad = "UIInterfaceOrientationPortrait UIInterfaceOrientationPortraitUpsideDown UIInterfaceOrientationLandscapeLeft UIInterfaceOrientationLandscapeRight";
				INFOPLIST_KEY_UISupportedInterfaceOrientations_iPhone = "UIInterfaceOrientationPortrait UIInterfaceOrientationLandscapeLeft UIInterfaceOrientationLandscapeRight";
				LD_RUNPATH_SEARCH_PATHS = (
					"$(inherited)",
					"@executable_path/Frameworks",
				);
				MARKETING_VERSION = 1.0;
				PRODUCT_BUNDLE_IDENTIFIER = "com.github-Z00K00.AirBNB";
				PRODUCT_NAME = "$(TARGET_NAME)";
				SWIFT_EMIT_LOC_STRINGS = YES;
				SWIFT_VERSION = 5.0;
				TARGETED_DEVICE_FAMILY = "1,2";
			};
			name = Release;
		};
/* End XCBuildConfiguration section */

/* Begin XCConfigurationList section */
		19042B4E2BB48A4900B67EF7 /* Build configuration list for PBXProject "AirBNB" */ = {
			isa = XCConfigurationList;
			buildConfigurations = (
				19042B5F2BB48A4C00B67EF7 /* Debug */,
				19042B602BB48A4C00B67EF7 /* Release */,
			);
			defaultConfigurationIsVisible = 0;
			defaultConfigurationName = Release;
		};
		19042B612BB48A4C00B67EF7 /* Build configuration list for PBXNativeTarget "AirBNB" */ = {
			isa = XCConfigurationList;
			buildConfigurations = (
				19042B622BB48A4C00B67EF7 /* Debug */,
				19042B632BB48A4C00B67EF7 /* Release */,
			);
			defaultConfigurationIsVisible = 0;
			defaultConfigurationName = Release;
		};
/* End XCConfigurationList section */
	};
	rootObject = 19042B4B2BB48A4900B67EF7 /* Project object */;
}
